[[package]]
name = "anyio"
version = "3.6.1"
description = "High level compatibility layer for multiple asynchronous event loop implementations"
category = "main"
optional = false
python-versions = ">=3.6.2"

[package.dependencies]
idna = ">=2.8"
sniffio = ">=1.1"

[package.extras]
trio = ["trio (>=0.16)"]
test = ["uvloop (>=0.15)", "mock (>=4)", "uvloop (<0.15)", "contextlib2", "trustme", "pytest-mock (>=3.6.1)", "pytest (>=7.0)", "hypothesis (>=4.0)", "coverage[toml] (>=4.5)"]
doc = ["sphinx-autodoc-typehints (>=1.2.0)", "sphinx-rtd-theme", "packaging"]

[[package]]
name = "astrolog"
version = "0.4.3"
description = "High-level astrology methods based on Swiss Ephemeris"
category = "main"
optional = false
python-versions = "^3.10"
develop = false

[package.dependencies]
dms2dec = "^0.1"
pyswisseph = "=2.10.02.0.dev1"

[package.source]
type = "directory"
url = "../astrolog"

[[package]]
name = "click"
version = "8.1.3"
description = "Composable command line interface toolkit"
category = "main"
optional = false
python-versions = ">=3.7"

[package.dependencies]
colorama = {version = "*", markers = "platform_system == \"Windows\""}

[[package]]
name = "colorama"
version = "0.4.5"
description = "Cross-platform colored terminal text."
category = "main"
optional = false
python-versions = ">=2.7, !=3.0.*, !=3.1.*, !=3.2.*, !=3.3.*, !=3.4.*"

[[package]]
name = "dms2dec"
version = "0.1"
description = "DMS to decimal. Convert degrees minutes seconds to decimal latitude/longitude"
category = "main"
optional = false
python-versions = ">=3"

[[package]]
name = "fastapi"
version = "0.79.0"
description = "FastAPI framework, high performance, easy to learn, fast to code, ready for production"
category = "main"
optional = false
python-versions = ">=3.6.1"

[package.dependencies]
pydantic = ">=1.6.2,<1.7 || >1.7,<1.7.1 || >1.7.1,<1.7.2 || >1.7.2,<1.7.3 || >1.7.3,<1.8 || >1.8,<1.8.1 || >1.8.1,<2.0.0"
starlette = "0.19.1"

[package.extras]
test = ["types-dataclasses (==0.6.5)", "types-orjson (==3.6.2)", "types-ujson (==4.2.1)", "anyio[trio] (>=3.2.1,<4.0.0)", "flask (>=1.1.2,<3.0.0)", "python-multipart (>=0.0.5,<0.0.6)", "ujson (>=4.0.1,!=4.0.2,!=4.1.0,!=4.2.0,!=4.3.0,!=5.0.0,!=5.1.0,<6.0.0)", "orjson (>=3.2.1,<4.0.0)", "databases[sqlite] (>=0.3.2,<0.6.0)", "peewee (>=3.13.3,<4.0.0)", "sqlalchemy (>=1.3.18,<1.5.0)", "email_validator (>=1.1.1,<2.0.0)", "httpx (>=0.14.0,<0.19.0)", "requests (>=2.24.0,<3.0.0)", "isort (>=5.0.6,<6.0.0)", "black (==22.3.0)", "flake8 (>=3.8.3,<4.0.0)", "mypy (==0.910)", "pytest-cov (>=2.12.0,<4.0.0)", "pytest (>=6.2.4,<7.0.0)"]
doc = ["pyyaml (>=5.3.1,<7.0.0)", "typer (>=0.4.1,<0.5.0)", "mkdocs-markdownextradata-plugin (>=0.1.7,<0.3.0)", "mdx-include (>=1.4.1,<2.0.0)", "mkdocs-material (>=8.1.4,<9.0.0)", "mkdocs (>=1.1.2,<2.0.0)"]
dev = ["pre-commit (>=2.17.0,<3.0.0)", "uvicorn[standard] (>=0.12.0,<0.18.0)", "flake8 (>=3.8.3,<4.0.0)", "autoflake (>=1.4.0,<2.0.0)", "passlib[bcrypt] (>=1.7.2,<2.0.0)", "python-jose[cryptography] (>=3.3.0,<4.0.0)"]
all = ["uvicorn[standard] (>=0.12.0,<0.18.0)", "email_validator (>=1.1.1,<2.0.0)", "orjson (>=3.2.1,<4.0.0)", "ujson (>=4.0.1,!=4.0.2,!=4.1.0,!=4.2.0,!=4.3.0,!=5.0.0,!=5.1.0,<6.0.0)", "pyyaml (>=5.3.1,<7.0.0)", "itsdangerous (>=1.1.0,<3.0.0)", "python-multipart (>=0.0.5,<0.0.6)", "jinja2 (>=2.11.2,<4.0.0)", "requests (>=2.24.0,<3.0.0)"]

[[package]]
name = "h11"
version = "0.13.0"
description = "A pure-Python, bring-your-own-I/O implementation of HTTP/1.1"
category = "main"
optional = false
python-versions = ">=3.6"

[[package]]
name = "idna"
version = "3.3"
description = "Internationalized Domain Names in Applications (IDNA)"
category = "main"
optional = false
python-versions = ">=3.5"

[[package]]
name = "pydantic"
version = "1.9.2"
description = "Data validation and settings management using python type hints"
category = "main"
optional = false
python-versions = ">=3.6.1"

[package.dependencies]
typing-extensions = ">=3.7.4.3"

[package.extras]
email = ["email-validator (>=1.0.3)"]
dotenv = ["python-dotenv (>=0.10.4)"]

[[package]]
name = "pyswisseph"
version = "2.10.2.0.dev1"
description = "Python extension to the Swiss Ephemeris"
category = "main"
optional = false
python-versions = ">=3.5"

[[package]]
name = "sniffio"
version = "1.2.0"
description = "Sniff out which async library your code is running under"
category = "main"
optional = false
python-versions = ">=3.5"

[[package]]
name = "starlette"
version = "0.19.1"
description = "The little ASGI library that shines."
category = "main"
optional = false
python-versions = ">=3.6"

[package.dependencies]
anyio = ">=3.4.0,<5"

[package.extras]
full = ["requests", "pyyaml", "python-multipart", "jinja2", "itsdangerous"]

[[package]]
name = "typing-extensions"
version = "4.3.0"
description = "Backported and Experimental Type Hints for Python 3.7+"
category = "main"
optional = false
python-versions = ">=3.7"

[[package]]
name = "uvicorn"
version = "0.18.2"
description = "The lightning-fast ASGI server."
category = "main"
optional = false
python-versions = ">=3.7"

[package.dependencies]
click = ">=7.0"
h11 = ">=0.8"

[package.extras]
standard = ["colorama (>=0.4)", "uvloop (>=0.14.0,!=0.15.0,!=0.15.1)", "PyYAML (>=5.1)", "python-dotenv (>=0.13)", "watchfiles (>=0.13)", "httptools (>=0.4.0)", "websockets (>=10.0)"]

[metadata]
lock-version = "1.1"
python-versions = "^3.10"
content-hash = "2a2e25de8fa2f8e5283012308c845bae914088616b8be3b9fc4cddd9576e31c9"

[metadata.files]
anyio = [
    {file = "anyio-3.6.1-py3-none-any.whl", hash = "sha256:cb29b9c70620506a9a8f87a309591713446953302d7d995344d0d7c6c0c9a7be"},
    {file = "anyio-3.6.1.tar.gz", hash = "sha256:413adf95f93886e442aea925f3ee43baa5a765a64a0f52c6081894f9992fdd0b"},
]
astrolog = []
click = [
    {file = "click-8.1.3-py3-none-any.whl", hash = "sha256:bb4d8133cb15a609f44e8213d9b391b0809795062913b383c62be0ee95b1db48"},
    {file = "click-8.1.3.tar.gz", hash = "sha256:7682dc8afb30297001674575ea00d1814d808d6a36af415a82bd481d37ba7b8e"},
]
colorama = [
    {file = "colorama-0.4.5-py2.py3-none-any.whl", hash = "sha256:854bf444933e37f5824ae7bfc1e98d5bce2ebe4160d46b5edf346a89358e99da"},
    {file = "colorama-0.4.5.tar.gz", hash = "sha256:e6c6b4334fc50988a639d9b98aa429a0b57da6e17b9a44f0451f930b6967b7a4"},
]
dms2dec = [
    {file = "dms2dec-0.1-py3-none-any.whl", hash = "sha256:ae7359dddbb72c2c7a64c9fa96695c59c73807e56f0d5fc41e4e7e4545f0fe97"},
    {file = "dms2dec-0.1.tar.gz", hash = "sha256:38ada6416bb6050a187b7eb4f504704f4c0d5bee3bf309b8abb6a9481eb5f624"},
]
fastapi = [
    {file = "fastapi-0.79.0-py3-none-any.whl", hash = "sha256:d337563424ceada23857f73d5abe8dae0c28e4cccb53b2af06e78b7bb4a1c7d7"},
    {file = "fastapi-0.79.0.tar.gz", hash = "sha256:cf0ff6db25b91d321050c4112baab0908c90f19b40bf257f9591d2f9780d1f22"},
]
h11 = [
    {file = "h11-0.13.0-py3-none-any.whl", hash = "sha256:8ddd78563b633ca55346c8cd41ec0af27d3c79931828beffb46ce70a379e7442"},
    {file = "h11-0.13.0.tar.gz", hash = "sha256:70813c1135087a248a4d38cc0e1a0181ffab2188141a93eaf567940c3957ff06"},
]
idna = [
    {file = "idna-3.3-py3-none-any.whl", hash = "sha256:84d9dd047ffa80596e0f246e2eab0b391788b0503584e8945f2368256d2735ff"},
    {file = "idna-3.3.tar.gz", hash = "sha256:9d643ff0a55b762d5cdb124b8eaa99c66322e2157b69160bc32796e824360e6d"},
]
pydantic = [
    {file = "pydantic-1.9.2-cp310-cp310-macosx_10_9_x86_64.whl", hash = "sha256:9c9e04a6cdb7a363d7cb3ccf0efea51e0abb48e180c0d31dca8d247967d85c6e"},
    {file = "pydantic-1.9.2-cp310-cp310-macosx_11_0_arm64.whl", hash = "sha256:fafe841be1103f340a24977f61dee76172e4ae5f647ab9e7fd1e1fca51524f08"},
    {file = "pydantic-1.9.2-cp310-cp310-manylinux_2_17_x86_64.manylinux2014_x86_64.whl", hash = "sha256:afacf6d2a41ed91fc631bade88b1d319c51ab5418870802cedb590b709c5ae3c"},
    {file = "pydantic-1.9.2-cp310-cp310-manylinux_2_5_i686.manylinux1_i686.manylinux_2_17_i686.manylinux2014_i686.whl", hash = "sha256:3ee0d69b2a5b341fc7927e92cae7ddcfd95e624dfc4870b32a85568bd65e6131"},
    {file = "pydantic-1.9.2-cp310-cp310-musllinux_1_1_i686.whl", hash = "sha256:ff68fc85355532ea77559ede81f35fff79a6a5543477e168ab3a381887caea76"},
    {file = "pydantic-1.9.2-cp310-cp310-musllinux_1_1_x86_64.whl", hash = "sha256:c0f5e142ef8217019e3eef6ae1b6b55f09a7a15972958d44fbd228214cede567"},
    {file = "pydantic-1.9.2-cp310-cp310-win_amd64.whl", hash = "sha256:615661bfc37e82ac677543704437ff737418e4ea04bef9cf11c6d27346606044"},
    {file = "pydantic-1.9.2-cp36-cp36m-macosx_10_9_x86_64.whl", hash = "sha256:328558c9f2eed77bd8fffad3cef39dbbe3edc7044517f4625a769d45d4cf7555"},
    {file = "pydantic-1.9.2-cp36-cp36m-manylinux_2_17_x86_64.manylinux2014_x86_64.whl", hash = "sha256:2bd446bdb7755c3a94e56d7bdfd3ee92396070efa8ef3a34fab9579fe6aa1d84"},
    {file = "pydantic-1.9.2-cp36-cp36m-manylinux_2_5_i686.manylinux1_i686.manylinux_2_17_i686.manylinux2014_i686.whl", hash = "sha256:e0b214e57623a535936005797567231a12d0da0c29711eb3514bc2b3cd008d0f"},
    {file = "pydantic-1.9.2-cp36-cp36m-musllinux_1_1_i686.whl", hash = "sha256:d8ce3fb0841763a89322ea0432f1f59a2d3feae07a63ea2c958b2315e1ae8adb"},
    {file = "pydantic-1.9.2-cp36-cp36m-musllinux_1_1_x86_64.whl", hash = "sha256:b34ba24f3e2d0b39b43f0ca62008f7ba962cff51efa56e64ee25c4af6eed987b"},
    {file = "pydantic-1.9.2-cp36-cp36m-win_amd64.whl", hash = "sha256:84d76ecc908d917f4684b354a39fd885d69dd0491be175f3465fe4b59811c001"},
    {file = "pydantic-1.9.2-cp37-cp37m-macosx_10_9_x86_64.whl", hash = "sha256:4de71c718c9756d679420c69f216776c2e977459f77e8f679a4a961dc7304a56"},
    {file = "pydantic-1.9.2-cp37-cp37m-manylinux_2_17_x86_64.manylinux2014_x86_64.whl", hash = "sha256:5803ad846cdd1ed0d97eb00292b870c29c1f03732a010e66908ff48a762f20e4"},
    {file = "pydantic-1.9.2-cp37-cp37m-manylinux_2_5_i686.manylinux1_i686.manylinux_2_17_i686.manylinux2014_i686.whl", hash = "sha256:a8c5360a0297a713b4123608a7909e6869e1b56d0e96eb0d792c27585d40757f"},
    {file = "pydantic-1.9.2-cp37-cp37m-musllinux_1_1_i686.whl", hash = "sha256:cdb4272678db803ddf94caa4f94f8672e9a46bae4a44f167095e4d06fec12979"},
    {file = "pydantic-1.9.2-cp37-cp37m-musllinux_1_1_x86_64.whl", hash = "sha256:19b5686387ea0d1ea52ecc4cffb71abb21702c5e5b2ac626fd4dbaa0834aa49d"},
    {file = "pydantic-1.9.2-cp37-cp37m-win_amd64.whl", hash = "sha256:32e0b4fb13ad4db4058a7c3c80e2569adbd810c25e6ca3bbd8b2a9cc2cc871d7"},
    {file = "pydantic-1.9.2-cp38-cp38-macosx_10_9_x86_64.whl", hash = "sha256:91089b2e281713f3893cd01d8e576771cd5bfdfbff5d0ed95969f47ef6d676c3"},
    {file = "pydantic-1.9.2-cp38-cp38-macosx_11_0_arm64.whl", hash = "sha256:e631c70c9280e3129f071635b81207cad85e6c08e253539467e4ead0e5b219aa"},
    {file = "pydantic-1.9.2-cp38-cp38-manylinux_2_17_x86_64.manylinux2014_x86_64.whl", hash = "sha256:4b3946f87e5cef3ba2e7bd3a4eb5a20385fe36521d6cc1ebf3c08a6697c6cfb3"},
    {file = "pydantic-1.9.2-cp38-cp38-manylinux_2_5_i686.manylinux1_i686.manylinux_2_17_i686.manylinux2014_i686.whl", hash = "sha256:5565a49effe38d51882cb7bac18bda013cdb34d80ac336428e8908f0b72499b0"},
    {file = "pydantic-1.9.2-cp38-cp38-musllinux_1_1_i686.whl", hash = "sha256:bd67cb2c2d9602ad159389c29e4ca964b86fa2f35c2faef54c3eb28b4efd36c8"},
    {file = "pydantic-1.9.2-cp38-cp38-musllinux_1_1_x86_64.whl", hash = "sha256:4aafd4e55e8ad5bd1b19572ea2df546ccace7945853832bb99422a79c70ce9b8"},
    {file = "pydantic-1.9.2-cp38-cp38-win_amd64.whl", hash = "sha256:d70916235d478404a3fa8c997b003b5f33aeac4686ac1baa767234a0f8ac2326"},
    {file = "pydantic-1.9.2-cp39-cp39-macosx_10_9_x86_64.whl", hash = "sha256:f0ca86b525264daa5f6b192f216a0d1e860b7383e3da1c65a1908f9c02f42801"},
    {file = "pydantic-1.9.2-cp39-cp39-macosx_11_0_arm64.whl", hash = "sha256:1061c6ee6204f4f5a27133126854948e3b3d51fcc16ead2e5d04378c199b2f44"},
    {file = "pydantic-1.9.2-cp39-cp39-manylinux_2_17_x86_64.manylinux2014_x86_64.whl", hash = "sha256:e78578f0c7481c850d1c969aca9a65405887003484d24f6110458fb02cca7747"},
    {file = "pydantic-1.9.2-cp39-cp39-manylinux_2_5_i686.manylinux1_i686.manylinux_2_17_i686.manylinux2014_i686.whl", hash = "sha256:5da164119602212a3fe7e3bc08911a89db4710ae51444b4224c2382fd09ad453"},
    {file = "pydantic-1.9.2-cp39-cp39-musllinux_1_1_i686.whl", hash = "sha256:7ead3cd020d526f75b4188e0a8d71c0dbbe1b4b6b5dc0ea775a93aca16256aeb"},
    {file = "pydantic-1.9.2-cp39-cp39-musllinux_1_1_x86_64.whl", hash = "sha256:7d0f183b305629765910eaad707800d2f47c6ac5bcfb8c6397abdc30b69eeb15"},
    {file = "pydantic-1.9.2-cp39-cp39-win_amd64.whl", hash = "sha256:f1a68f4f65a9ee64b6ccccb5bf7e17db07caebd2730109cb8a95863cfa9c4e55"},
    {file = "pydantic-1.9.2-py3-none-any.whl", hash = "sha256:78a4d6bdfd116a559aeec9a4cfe77dda62acc6233f8b56a716edad2651023e5e"},
    {file = "pydantic-1.9.2.tar.gz", hash = "sha256:8cb0bc509bfb71305d7a59d00163d5f9fc4530f0881ea32c74ff4f74c85f3d3d"},
]
pyswisseph = [
    {file = "pyswisseph-2.10.2.0.dev1-cp36-cp36m-macosx_10_9_x86_64.whl", hash = "sha256:b276eae6ba21edb30e144f5f096db0328e48fe17e574dfe2ef91456e8e586bb3"},
    {file = "pyswisseph-2.10.2.0.dev1-cp36-cp36m-manylinux_2_12_i686.manylinux2010_i686.whl", hash = "sha256:42fb6c529dc6979d5d9411ba2970d2032ab9cb95905b6208331503bef82fb99e"},
    {file = "pyswisseph-2.10.2.0.dev1-cp36-cp36m-manylinux_2_12_x86_64.manylinux2010_x86_64.whl", hash = "sha256:3c4ce4adff2134f6a818470b1976496d7cec773544f8243a43f49ddd26f27e08"},
    {file = "pyswisseph-2.10.2.0.dev1-cp36-cp36m-win32.whl", hash = "sha256:d2017626b58915b6cc00135b92491f1cffe0724d0d807b1a0cfd411816cfafcc"},
    {file = "pyswisseph-2.10.2.0.dev1-cp36-cp36m-win_amd64.whl", hash = "sha256:7cd5f28e6017c6f87ae3bfcfd99c2c810af7379ac6b716d8221561ee60a0fb3e"},
    {file = "pyswisseph-2.10.2.0.dev1-cp37-cp37m-macosx_10_9_x86_64.whl", hash = "sha256:05a30432cf01a17f3c8343d57c54b891fa5395541d361c8a8d2c2514e0bf1054"},
    {file = "pyswisseph-2.10.2.0.dev1-cp37-cp37m-manylinux_2_12_i686.manylinux2010_i686.whl", hash = "sha256:80c353fc28a3b6bc6b5c9cda0fa4bc894ff13e03a7a41d9b83e31f070f619982"},
    {file = "pyswisseph-2.10.2.0.dev1-cp37-cp37m-manylinux_2_12_x86_64.manylinux2010_x86_64.whl", hash = "sha256:f048232b933eb9830b23b890ae77ed4d4162621e4f3ef564df4f0b159bdc1add"},
    {file = "pyswisseph-2.10.2.0.dev1-cp37-cp37m-win32.whl", hash = "sha256:953446222b8098b3884c9dd9a6b2bd9cdc9d391c930e7c1d08b25da6779fa98d"},
    {file = "pyswisseph-2.10.2.0.dev1-cp37-cp37m-win_amd64.whl", hash = "sha256:1e0f2be611c60d01c2fa4a26f5dd4cb312cd83e83cce6109f40a2ef9d5b44e89"},
    {file = "pyswisseph-2.10.2.0.dev1-cp38-cp38-macosx_10_9_x86_64.whl", hash = "sha256:8b3a3d368bf131f19cbcb7812a1d53fbdbabb1987417f22e3bb686c6683d4480"},
    {file = "pyswisseph-2.10.2.0.dev1-cp38-cp38-manylinux_2_12_i686.manylinux2010_i686.whl", hash = "sha256:1efb09fe2a3930517198f3a3fbf7a6ef1f7718568f43be567f968e8fde461498"},
    {file = "pyswisseph-2.10.2.0.dev1-cp38-cp38-manylinux_2_12_x86_64.manylinux2010_x86_64.whl", hash = "sha256:b60b7af4c8d3d6af52dc049c0eff6d6bc9bfe77e47a24d35adec75d82c9ee316"},
    {file = "pyswisseph-2.10.2.0.dev1-cp38-cp38-win32.whl", hash = "sha256:54a4e0b4f7bc68bc918a8c60b55ac67b403a8a1e7b1ce576d0ef66b17553f38a"},
    {file = "pyswisseph-2.10.2.0.dev1-cp38-cp38-win_amd64.whl", hash = "sha256:6e729d9c4c32110b6893666755aeab425fafd2d63e6f16a94159c58cf952e1d0"},
    {file = "pyswisseph-2.10.2.0.dev1-cp39-cp39-macosx_10_9_x86_64.whl", hash = "sha256:6279bdbaf806319a94c86dce21fe12b71ba9b0e90f5606d0d5495752e8817f09"},
    {file = "pyswisseph-2.10.2.0.dev1-cp39-cp39-manylinux_2_12_i686.manylinux2010_i686.whl", hash = "sha256:02edab9bfd5c8ca027d7c50592037f2792d03ac07b4ca805c13e0f7dcd62b894"},
    {file = "pyswisseph-2.10.2.0.dev1-cp39-cp39-manylinux_2_12_x86_64.manylinux2010_x86_64.whl", hash = "sha256:9e24dd2b0a238032e208c91e2525e31d86eb01eb370589995207bb249dcc0b33"},
    {file = "pyswisseph-2.10.2.0.dev1-cp39-cp39-win32.whl", hash = "sha256:a5c1b83d9896f54f9a228c0c25d9bf24a150f1f9c8349bbd3572cdb61189e6e6"},
    {file = "pyswisseph-2.10.2.0.dev1-cp39-cp39-win_amd64.whl", hash = "sha256:5d4c8cd3774312c1e3d833ad8c478252707711977c9808ba0f631ecae0be6a5e"},
    {file = "pyswisseph-2.10.2.0.dev1.tar.gz", hash = "sha256:4fe174f5cb270f256481cd0a0c61d0379c901ab0c0da10fe0819f680adab3cbf"},
]
sniffio = [
    {file = "sniffio-1.2.0-py3-none-any.whl", hash = "sha256:471b71698eac1c2112a40ce2752bb2f4a4814c22a54a3eed3676bc0f5ca9f663"},
    {file = "sniffio-1.2.0.tar.gz", hash = "sha256:c4666eecec1d3f50960c6bdf61ab7bc350648da6c126e3cf6898d8cd4ddcd3de"},
]
starlette = [
    {file = "starlette-0.19.1-py3-none-any.whl", hash = "sha256:5a60c5c2d051f3a8eb546136aa0c9399773a689595e099e0877704d5888279bf"},
    {file = "starlette-0.19.1.tar.gz", hash = "sha256:c6d21096774ecb9639acad41b86b7706e52ba3bf1dc13ea4ed9ad593d47e24c7"},
]
typing-extensions = [
    {file = "typing_extensions-4.3.0-py3-none-any.whl", hash = "sha256:25642c956049920a5aa49edcdd6ab1e06d7e5d467fc00e0506c44ac86fbfca02"},
    {file = "typing_extensions-4.3.0.tar.gz", hash = "sha256:e6d2677a32f47fc7eb2795db1dd15c1f34eff616bcaf2cfb5e997f854fa1c4a6"},
]
uvicorn = [
    {file = "uvicorn-0.18.2-py3-none-any.whl", hash = "sha256:c19a057deb1c5bb060946e2e5c262fc01590c6529c0af2c3d9ce941e89bc30e0"},
    {file = "uvicorn-0.18.2.tar.gz", hash = "sha256:cade07c403c397f9fe275492a48c1b869efd175d5d8a692df649e6e7e2ed8f4e"},
]
